{
  "object": {
    "pins": [
      {
        "package": "Lottie",
        "repositoryURL": "https://github.com/airbnb/lottie-ios.git",
        "state": {
          "branch": "master",
          "revision": "409cc3071f0c6c91cfd34f345f5eeb1dae9a5fc4",
          "version": null
        }
      }
    ]
  },
  "version": 1
}
